# THIS IS AN AUTOGENERATED FILE. DO NOT EDIT THIS FILE DIRECTLY.
# yarn lockfile v1


"@next/env@14.2.5":
  version "14.2.5"
  resolved "https://registry.yarnpkg.com/@next/env/-/env-14.2.5.tgz#1d9328ab828711d3517d0a1d505acb55e5ef7ad0"
  integrity sha512-/zZGkrTOsraVfYjGP8uM0p6r0BDT6xWpkjdVbcz66PJVSpwXX3yNiRycxAuDfBKGWBrZBXRuK/YVlkNgxHGwmA==

"@next/swc-darwin-arm64@14.2.5":
  version "14.2.5"
  resolved "https://registry.yarnpkg.com/@next/swc-darwin-arm64/-/swc-darwin-arm64-14.2.5.tgz#d0a160cf78c18731c51cc0bff131c706b3e9bb05"
  integrity sha512-/9zVxJ+K9lrzSGli1///ujyRfon/ZneeZ+v4ptpiPoOU+GKZnm8Wj8ELWU1Pm7GHltYRBklmXMTUqM/DqQ99FQ==

"@next/swc-darwin-x64@14.2.5":
  version "14.2.5"
  resolved "https://registry.yarnpkg.com/@next/swc-darwin-x64/-/swc-darwin-x64-14.2.5.tgz#eb832a992407f6e6352eed05a073379f1ce0589c"
  integrity sha512-vXHOPCwfDe9qLDuq7U1OYM2wUY+KQ4Ex6ozwsKxp26BlJ6XXbHleOUldenM67JRyBfVjv371oneEvYd3H2gNSA==

"@next/swc-linux-arm64-gnu@14.2.5":
  version "14.2.5"
  resolved "https://registry.yarnpkg.com/@next/swc-linux-arm64-gnu/-/swc-linux-arm64-gnu-14.2.5.tgz#098fdab57a4664969bc905f5801ef5a89582c689"
  integrity sha512-vlhB8wI+lj8q1ExFW8lbWutA4M2ZazQNvMWuEDqZcuJJc78iUnLdPPunBPX8rC4IgT6lIx/adB+Cwrl99MzNaA==

"@next/swc-linux-arm64-musl@14.2.5":
  version "14.2.5"
  resolved "https://registry.yarnpkg.com/@next/swc-linux-arm64-musl/-/swc-linux-arm64-musl-14.2.5.tgz#243a1cc1087fb75481726dd289c7b219fa01f2b5"
  integrity sha512-NpDB9NUR2t0hXzJJwQSGu1IAOYybsfeB+LxpGsXrRIb7QOrYmidJz3shzY8cM6+rO4Aojuef0N/PEaX18pi9OA==

"@next/swc-linux-x64-gnu@14.2.5":
  version "14.2.5"
  resolved "https://registry.yarnpkg.com/@next/swc-linux-x64-gnu/-/swc-linux-x64-gnu-14.2.5.tgz#b8a2e436387ee4a52aa9719b718992e0330c4953"
  integrity sha512-8XFikMSxWleYNryWIjiCX+gU201YS+erTUidKdyOVYi5qUQo/gRxv/3N1oZFCgqpesN6FPeqGM72Zve+nReVXQ==

"@next/swc-linux-x64-musl@14.2.5":
  version "14.2.5"
  resolved "https://registry.yarnpkg.com/@next/swc-linux-x64-musl/-/swc-linux-x64-musl-14.2.5.tgz#cb8a9adad5fb8df86112cfbd363aab5c6d32757b"
  integrity sha512-6QLwi7RaYiQDcRDSU/os40r5o06b5ue7Jsk5JgdRBGGp8l37RZEh9JsLSM8QF0YDsgcosSeHjglgqi25+m04IQ==

"@next/swc-win32-arm64-msvc@14.2.5":
  version "14.2.5"
  resolved "https://registry.yarnpkg.com/@next/swc-win32-arm64-msvc/-/swc-win32-arm64-msvc-14.2.5.tgz#81f996c1c38ea0900d4e7719cc8814be8a835da0"
  integrity sha512-1GpG2VhbspO+aYoMOQPQiqc/tG3LzmsdBH0LhnDS3JrtDx2QmzXe0B6mSZZiN3Bq7IOMXxv1nlsjzoS1+9mzZw==

"@next/swc-win32-ia32-msvc@14.2.5":
  version "14.2.5"
  resolved "https://registry.yarnpkg.com/@next/swc-win32-ia32-msvc/-/swc-win32-ia32-msvc-14.2.5.tgz#f61c74ce823e10b2bc150e648fc192a7056422e0"
  integrity sha512-Igh9ZlxwvCDsu6438FXlQTHlRno4gFpJzqPjSIBZooD22tKeI4fE/YMRoHVJHmrQ2P5YL1DoZ0qaOKkbeFWeMg==

"@next/swc-win32-x64-msvc@14.2.5":
  version "14.2.5"
  resolved "https://registry.yarnpkg.com/@next/swc-win32-x64-msvc/-/swc-win32-x64-msvc-14.2.5.tgz#ed199a920efb510cfe941cd75ed38a7be21e756f"
  integrity sha512-tEQ7oinq1/CjSG9uSTerca3v4AZ+dFa+4Yu6ihaG8Ud8ddqLQgFGcnwYls13H5X5CPDPZJdYxyeMui6muOLd4g==

"@swc/counter@^0.1.3":
  version "0.1.3"
  resolved "https://registry.yarnpkg.com/@swc/counter/-/counter-0.1.3.tgz#cc7463bd02949611c6329596fccd2b0ec782b0e9"
  integrity sha512-e2BR4lsJkkRlKZ/qCHPw9ZaSxc0MVUd7gtbtaB7aMvHeJVYe8sOB8DBZkP2DtISHGSku9sCK6T6cnY0CtXrOCQ==

"@swc/helpers@0.5.5":
  version "0.5.5"
  resolved "https://registry.yarnpkg.com/@swc/helpers/-/helpers-0.5.5.tgz#12689df71bfc9b21c4f4ca00ae55f2f16c8b77c0"
  integrity sha512-KGYxvIOXcceOAbEk4bi/dVLEK9z8sZ0uBB3Il5b1rhfClSpcX0yfRO0KmTkqR2cnQDymwLB+25ZyMzICg/cm/A==
  dependencies:
    "@swc/counter" "^0.1.3"
    tslib "^2.4.0"

busboy@1.6.0:
  version "1.6.0"
  resolved "https://registry.yarnpkg.com/busboy/-/busboy-1.6.0.tgz#966ea36a9502e43cdb9146962523b92f531f6893"
  integrity sha512-8SFQbg/0hQ9xy3UNTB0YEnsNBbWfhf7RtnzpL7TkBiTBRfrQ9Fxcnz7VJsleJpyp6rVLvXiuORqjlHi5q+PYuA==
  dependencies:
    streamsearch "^1.1.0"

caniuse-lite@^1.0.30001579:
  version "1.0.30001643"
  resolved "https://registry.yarnpkg.com/caniuse-lite/-/caniuse-lite-1.0.30001643.tgz#9c004caef315de9452ab970c3da71085f8241dbd"
  integrity sha512-ERgWGNleEilSrHM6iUz/zJNSQTP8Mr21wDWpdgvRwcTXGAq6jMtOUPP4dqFPTdKqZ2wKTdtB+uucZ3MRpAUSmg==

client-only@0.0.1:
  version "0.0.1"
  resolved "https://registry.yarnpkg.com/client-only/-/client-only-0.0.1.tgz#38bba5d403c41ab150bff64a95c85013cf73bca1"
  integrity sha512-IV3Ou0jSMzZrd3pZ48nLkT9DA7Ag1pnPzaiQhpW7c3RbcqqzvzzVu+L8gfqMp/8IM2MQtSiqaCxrrcfu8I8rMA==

datatables.net-buttons-dt@^1.7.1:
  version "1.7.1"
  resolved "https://registry.yarnpkg.com/datatables.net-buttons-dt/-/datatables.net-buttons-dt-1.7.1.tgz#df39a2c71fe9b98fd2c8e88e32d059bab2eca4b1"
  integrity sha512-mdHWKHff9cR2KsyQvCmJcC4/S0NZaEzIo83Rqa1ncaQjtSoe989d3bDMyGg0jCEahqNVrZPDjuKWZw0FCR4Xsg==
  dependencies:
    datatables.net-buttons "1.7.1"
    datatables.net-dt "^1.10.15"
    jquery ">=1.7"

datatables.net-buttons@1.7.1, datatables.net-buttons@^1.7.1:
  version "1.7.1"
  resolved "https://registry.yarnpkg.com/datatables.net-buttons/-/datatables.net-buttons-1.7.1.tgz#b701bda4bf4dd76ebc9238251c62d13c18b2bb34"
  integrity sha512-D2OxZeR18jhSx+l0xcfAJzfUH7l3LHCu0e606fV7+v3hMhphOfljjZYLaiRmGiR9lqO/f5xE/w2a+OtG/QMavw==
  dependencies:
    datatables.net "^1.10.15"
    jquery ">=1.7"

datatables.net-colreorder-dt@^1.5.5:
  version "1.7.2"
  resolved "https://registry.yarnpkg.com/datatables.net-colreorder-dt/-/datatables.net-colreorder-dt-1.7.2.tgz#17ad1aa96d1f3a3cd4c8327803b08db078607987"
  integrity sha512-CJWwXmTmla5iSzBekbHOviJxVIEUmtmdT9f8F7AOwipKCxJSrH3by4bAKVIheAtV5XxQxcw/i8dBllaYEfmmzg==
  dependencies:
    datatables.net-colreorder "1.7.2"
    datatables.net-dt "^1.13.0"
    jquery ">=1.7"

datatables.net-colreorder@1.7.2, datatables.net-colreorder@^1.5.5:
  version "1.7.2"
  resolved "https://registry.yarnpkg.com/datatables.net-colreorder/-/datatables.net-colreorder-1.7.2.tgz#9806f165048daecb2fe93a482c744efc6e649c06"
  integrity sha512-F8TYMFXtWLtsjciwS7hkP/Fbp3XS6WHuHLc+iMFtQqiQmbMo/59GK7YSxKuxSoqTTJU/opaPXQYjODnIuNEc/g==
  dependencies:
    datatables.net "^1.13.0"
    jquery ">=1.7"

datatables.net-dt@>=1.11.0:
  version "2.1.2"
  resolved "https://registry.yarnpkg.com/datatables.net-dt/-/datatables.net-dt-2.1.2.tgz#6148461f081361bc802b813c1ee5e9dab9829b55"
  integrity sha512-MBFaJXwyVMT+pOcHpugJ54pRQM69fNiK43rPBjS6B7yApR44eUeHCGlYLijKHQHmq0Vesy74EcdR6Fw9zxCavw==
  dependencies:
    datatables.net "2.1.2"
    jquery ">=1.7"

datatables.net-dt@^1.10.15, datatables.net-dt@^1.11.5, datatables.net-dt@^1.13.0:
  version "1.13.11"
  resolved "https://registry.yarnpkg.com/datatables.net-dt/-/datatables.net-dt-1.13.11.tgz#931e01e3fa9ec2f44d7d5ea87e91fb4ffb8eaaae"
  integrity sha512-4GpS4OFLwIMfhb5UdJh6bEnh0E52jIJOlx7KLKs1pSce/xpHjvcmucbUWNaEndQIpHXtIxmVPoqcDB0ZbiVB+A==
  dependencies:
    datatables.net "1.13.11"
    jquery "1.8 - 4"

datatables.net-responsive-dt@^2.2.9:
  version "2.5.1"
  resolved "https://registry.yarnpkg.com/datatables.net-responsive-dt/-/datatables.net-responsive-dt-2.5.1.tgz#5f1a5ab084ebc88edb010f2e7cd685de0dd6133d"
  integrity sha512-suFoSSb2v3Lj7B4aoSxdyVfRPYb89WtyxCdH46HkE9mFZ9sJoicazsTKOwpWdwxZ+JT3vae0b7bKM2lOpwYxFw==
  dependencies:
    datatables.net-dt "^1.13.0"
    datatables.net-responsive "2.5.1"
    jquery ">=1.7"

datatables.net-responsive@2.5.1, datatables.net-responsive@^2.2.9:
  version "2.5.1"
  resolved "https://registry.yarnpkg.com/datatables.net-responsive/-/datatables.net-responsive-2.5.1.tgz#9747a3c6e6b59abd33174e1890356357151bb8c0"
  integrity sha512-hyJb2faIzEWUX5Yn4HOSq/6NNB9SXDVbI4OU9ny+XU/2ghZEz4676spOgzpDHTdWvCfM+t1mbUsT70fDiTTr9w==
  dependencies:
    datatables.net "^1.13.0"
    jquery ">=1.7"

datatables.net-rowgroup-dt@^1.1.4:
  version "1.5.0"
  resolved "https://registry.yarnpkg.com/datatables.net-rowgroup-dt/-/datatables.net-rowgroup-dt-1.5.0.tgz#690c855c1d3125bd03a4792173ec9356eda2fa7d"
  integrity sha512-Dmn+ToLeUXDDg58Skie25xiWDy0GfgAMbiB8CMnOWKXH/gnGRjoU1V80R7ll8HbxGB6YfppXkPsPn00XU7c2xA==
  dependencies:
    datatables.net-dt ">=1.11.0"
    datatables.net-rowgroup "1.5.0"
    jquery ">=1.7"

datatables.net-rowgroup@1.5.0, datatables.net-rowgroup@^1.1.4:
  version "1.5.0"
  resolved "https://registry.yarnpkg.com/datatables.net-rowgroup/-/datatables.net-rowgroup-1.5.0.tgz#644b5fd7f7fc6fdb1bc4e42dfa0a9203740f31ca"
  integrity sha512-V/CLJu7rMjxwfhZAv59emZOPw58cwnYmd8NXTTJSnqBDgOZsaC9mtVo0ejBpdqvNw5WmMPy3AJceH+ay6JQ3hA==
  dependencies:
    datatables.net ">=1.11.0"
    jquery ">=1.7"

datatables.net-select-dt@^1.3.4:
  version "1.7.1"
  resolved "https://registry.yarnpkg.com/datatables.net-select-dt/-/datatables.net-select-dt-1.7.1.tgz#6b4b08ce0ddfc8cc51dcf2d90d4b6eab8aabf450"
  integrity sha512-QeJDXPVWlqRZdLsyMMGayzhPuCRoITLkMEKshw6msyePUeUjc3ctwzOYDlYHX9MY3zXre4EocmWrG4fgZYKLEA==
  dependencies:
    datatables.net-dt "^1.13.0"
    datatables.net-select "1.7.1"
    jquery ">=1.7"

datatables.net-select@1.7.1, datatables.net-select@^1.3.4:
  version "1.7.1"
  resolved "https://registry.yarnpkg.com/datatables.net-select/-/datatables.net-select-1.7.1.tgz#1b309b1ff92c25e5ce4b9d5af19186bdf9b34597"
  integrity sha512-yC+GoBDVsnbaFTYKmZ2v5Bftc66zSZCYHbPYZb/ccdvxytEEudjc9R3wn6fgkOrVx3C2X/8keQc4a7EJvdOErg==
  dependencies:
    datatables.net "^1.13.0"
    jquery ">=1.7"

datatables.net@1.13.11, datatables.net@^1.10.15, datatables.net@^1.11.5, datatables.net@^1.13.0:
  version "1.13.11"
  resolved "https://registry.yarnpkg.com/datatables.net/-/datatables.net-1.13.11.tgz#e2a4c8b50553512f241ebfcbc078d74d551183b2"
  integrity sha512-AE6RkMXziRaqzPcu/pl3SJXeRa6fmXQG/fVjuRESujvkzqDCYEeKTTpPMuVJSGYJpPi32WGSphVNNY1G4nSN/g==
  dependencies:
    jquery "1.8 - 4"

datatables.net@2.1.2, datatables.net@>=1.11.0:
  version "2.1.2"
  resolved "https://registry.yarnpkg.com/datatables.net/-/datatables.net-2.1.2.tgz#7ba56756858ed7f18cacd71913c8a5d92f79b6b9"
  integrity sha512-FZMH3bVqP6pKq/LwhFRoH22xW45bWt9eAdf7hmFrZkluXId6RNOr1EnrVvwHTo/f7l/rZX4wgHvnGvtOyj9Spw==
  dependencies:
    jquery ">=1.7"

graceful-fs@^4.2.11:
  version "4.2.11"
  resolved "https://registry.yarnpkg.com/graceful-fs/-/graceful-fs-4.2.11.tgz#4183e4e8bf08bb6e05bbb2f7d2e0c8f712ca40e3"
  integrity sha512-RbJ5/jmFcNNCcDV5o9eTnBLJ/HszWV0P73bc+Ff4nS/rJj+YaS6IGyiOL0VoBYX+l1Wrl3k63h/KrH+nhJ0XvQ==

"jquery@1.8 - 4", jquery@>=1.7:
  version "3.7.1"
  resolved "https://registry.yarnpkg.com/jquery/-/jquery-3.7.1.tgz#083ef98927c9a6a74d05a6af02806566d16274de"
  integrity sha512-m4avr8yL8kmFN8psrbFFFmB/If14iN5o9nw/NgnnM+kybDJpRsAynV2BsfpTYrTRysYUdADVD7CkUUizgkpLfg==

jquery@3.5.0:
  version "3.5.0"
  resolved "https://registry.yarnpkg.com/jquery/-/jquery-3.5.0.tgz#9980b97d9e4194611c36530e7dc46a58d7340fc9"
  integrity sha512-Xb7SVYMvygPxbFMpTFQiHh1J7HClEaThguL15N/Gg37Lri/qKyhRGZYzHRyLH8Stq3Aow0LsHO2O2ci86fCrNQ==

"js-tokens@^3.0.0 || ^4.0.0":
  version "4.0.0"
  resolved "https://registry.yarnpkg.com/js-tokens/-/js-tokens-4.0.0.tgz#19203fb59991df98e3a287050d4647cdeaf32499"
  integrity sha512-RdJUflcE3cUzKiMqQgsCu06FPu9UdIJO0beYbPhHN4k6apgJtifcoCtT9bcxOpYBtpD2kCM6Sbzg4CausW/PKQ==

loose-envify@^1.1.0:
  version "1.4.0"
  resolved "https://registry.yarnpkg.com/loose-envify/-/loose-envify-1.4.0.tgz#71ee51fa7be4caec1a63839f7e682d8132d30caf"
  integrity sha512-lyuxPGr/Wfhrlem2CL/UcnUc1zcqKAImBDzukY7Y5F/yQiNdko6+fRLevlw1HgMySw7f611UIY408EtxRSoK3Q==
  dependencies:
    js-tokens "^3.0.0 || ^4.0.0"

muuri@^0.8.0:
  version "0.8.0"
  resolved "https://registry.yarnpkg.com/muuri/-/muuri-0.8.0.tgz#60e84d2d322fa207efd113905eeb5d9750005a53"
  integrity sha512-uqTi91q6mEKfHNHutlcDu3dS8/DXnxoWFh6fhUVJr426yaO4G/p2/LMoOeFb5Tl1hWzx7qoxl2v9RTJVFuskpQ==

nanoid@^3.3.6:
  version "3.3.7"
  resolved "https://registry.yarnpkg.com/nanoid/-/nanoid-3.3.7.tgz#d0c301a691bc8d54efa0a2226ccf3fe2fd656bd8"
  integrity sha512-eSRppjcPIatRIMC1U6UngP8XFcz8MQWGQdt1MTBQ7NaAmvXDfvNxbvWV3x2y6CdEUciCSsDHDQZbhYaB8QEo2g==

next@14.2.5:
  version "14.2.5"
  resolved "https://registry.yarnpkg.com/next/-/next-14.2.5.tgz#afe4022bb0b752962e2205836587a289270efbea"
  integrity sha512-0f8aRfBVL+mpzfBjYfQuLWh2WyAwtJXCRfkPF4UJ5qd2YwrHczsrSzXU4tRMV0OAxR8ZJZWPFn6uhSC56UTsLA==
  dependencies:
    "@next/env" "14.2.5"
    "@swc/helpers" "0.5.5"
    busboy "1.6.0"
    caniuse-lite "^1.0.30001579"
    graceful-fs "^4.2.11"
    postcss "8.4.31"
    styled-jsx "5.1.1"
  optionalDependencies:
    "@next/swc-darwin-arm64" "14.2.5"
    "@next/swc-darwin-x64" "14.2.5"
    "@next/swc-linux-arm64-gnu" "14.2.5"
    "@next/swc-linux-arm64-musl" "14.2.5"
    "@next/swc-linux-x64-gnu" "14.2.5"
    "@next/swc-linux-x64-musl" "14.2.5"
    "@next/swc-win32-arm64-msvc" "14.2.5"
    "@next/swc-win32-ia32-msvc" "14.2.5"
    "@next/swc-win32-x64-msvc" "14.2.5"

picocolors@^1.0.0:
  version "1.0.1"
  resolved "https://registry.yarnpkg.com/picocolors/-/picocolors-1.0.1.tgz#a8ad579b571952f0e5d25892de5445bcfe25aaa1"
  integrity sha512-anP1Z8qwhkbmu7MFP5iTt+wQKXgwzf7zTyGlcdzabySa9vd0Xt392U0rVmz9poOaBj0uHJKyyo9/upk0HrEQew==

plotly.js-dist-min@^2.28.0:
  version "2.34.0"
  resolved "https://registry.yarnpkg.com/plotly.js-dist-min/-/plotly.js-dist-min-2.34.0.tgz#2da92bde0aafa58e1b69e08be33427808fe8fc65"
  integrity sha512-HKAXTm+cFLNPxNllGIZGgVwX4OCd2SCnLLveUUOk4P27EKz/aPKeGLAcnGXegH3IKZKhvcbmreiwC+vK5vPlXw==

postcss@8.4.31:
  version "8.4.31"
  resolved "https://registry.yarnpkg.com/postcss/-/postcss-8.4.31.tgz#92b451050a9f914da6755af352bdc0192508656d"
  integrity sha512-PS08Iboia9mts/2ygV3eLpY5ghnUcfLV/EXTOW1E2qYxJKGGBUtNjN76FYHnMs36RmARn41bC0AZmn+rR0OVpQ==
  dependencies:
    nanoid "^3.3.6"
    picocolors "^1.0.0"
    source-map-js "^1.0.2"

react-dom@^18:
  version "18.3.1"
  resolved "https://registry.yarnpkg.com/react-dom/-/react-dom-18.3.1.tgz#c2265d79511b57d479b3dd3fdfa51536494c5cb4"
  integrity sha512-5m4nQKp+rZRb09LNH59GM4BxTh9251/ylbKIbpe7TpGxfJ+9kv6BLkLBXIjjspbgbnIBNqlI23tRnTWT0snUIw==
  dependencies:
    loose-envify "^1.1.0"
    scheduler "^0.23.2"

react@^18:
  version "18.3.1"
  resolved "https://registry.yarnpkg.com/react/-/react-18.3.1.tgz#49ab892009c53933625bd16b2533fc754cab2891"
  integrity sha512-wS+hAgJShR0KhEvPJArfuPVN1+Hz1t0Y6n5jLrGQbkb4urgPE/0Rve+1kMB1v/oWgHgm4WIcV+i7F2pTVj+2iQ==
  dependencies:
    loose-envify "^1.1.0"

scheduler@^0.23.2:
  version "0.23.2"
  resolved "https://registry.yarnpkg.com/scheduler/-/scheduler-0.23.2.tgz#414ba64a3b282892e944cf2108ecc078d115cdc3"
  integrity sha512-UOShsPwz7NrMUqhR6t0hWjFduvOzbtv7toDH1/hIrfRNIDBnnBWd0CwJTGvTpngVlmwGCdP9/Zl/tVrDqcuYzQ==
  dependencies:
    loose-envify "^1.1.0"

source-map-js@^1.0.2:
  version "1.2.0"
  resolved "https://registry.yarnpkg.com/source-map-js/-/source-map-js-1.2.0.tgz#16b809c162517b5b8c3e7dcd315a2a5c2612b2af"
  integrity sha512-itJW8lvSA0TXEphiRoawsCksnlf8SyvmFzIhltqAHluXd88pkCd+cXJVHTDwdCr0IzwptSm035IHQktUu1QUMg==

streamsearch@^1.1.0:
  version "1.1.0"
  resolved "https://registry.yarnpkg.com/streamsearch/-/streamsearch-1.1.0.tgz#404dd1e2247ca94af554e841a8ef0eaa238da764"
  integrity sha512-Mcc5wHehp9aXz1ax6bZUyY5afg9u2rv5cqQI3mRrYkGC8rW2hM02jWuwjtL++LS5qinSyhj2QfLyNsuc+VsExg==

styled-jsx@5.1.1:
  version "5.1.1"
  resolved "https://registry.yarnpkg.com/styled-jsx/-/styled-jsx-5.1.1.tgz#839a1c3aaacc4e735fed0781b8619ea5d0009d1f"
  integrity sha512-pW7uC1l4mBZ8ugbiZrcIsiIvVx1UmTfw7UkC3Um2tmfUq9Bhk8IiyEIPl6F8agHgjzku6j0xQEZbfA5uSgSaCw==
  dependencies:
    client-only "0.0.1"

survey-analytics@^1.11.8:
  version "1.11.8"
  resolved "https://registry.yarnpkg.com/survey-analytics/-/survey-analytics-1.11.8.tgz#72fdba4e04960710881caa52870c790b407e2af7"
  integrity sha512-833M6DjFykJPvl6J5ttETclrvm3+BDmNy4gfW1joxqyMo+CLoTte4UYe9jlgL4ao1ivpxaxrZz+kHXS8YQ+rDg==
  dependencies:
    datatables.net "^1.11.5"
    datatables.net-buttons "^1.7.1"
    datatables.net-buttons-dt "^1.7.1"
    datatables.net-colreorder "^1.5.5"
    datatables.net-colreorder-dt "^1.5.5"
    datatables.net-dt "^1.11.5"
    datatables.net-responsive "^2.2.9"
    datatables.net-responsive-dt "^2.2.9"
    datatables.net-rowgroup "^1.1.4"
    datatables.net-rowgroup-dt "^1.1.4"
    datatables.net-select "^1.3.4"
    datatables.net-select-dt "^1.3.4"
    jquery "3.5.0"
    muuri "^0.8.0"
    plotly.js-dist-min "^2.28.0"
    tabulator-tables "4.8.4"
    wordcloud "^1.2.2"

survey-core@^1.11.8:
  version "1.11.8"
  resolved "https://registry.yarnpkg.com/survey-core/-/survey-core-1.11.8.tgz#23de959074f214a82d29da379c1e15b6cb577b76"
  integrity sha512-MPfpsblmcal8Y5y2XkFVCUl0KJsmAMItEd0H23Q9KPqxu+auQ5vMg2J0zFtKHHmydcHhxfGvAXSVb5NrgoBGJg==

survey-creator-core@^1.11.8:
  version "1.11.8"
  resolved "https://registry.yarnpkg.com/survey-creator-core/-/survey-creator-core-1.11.8.tgz#9b559fa02cb7058db5369d04e15b64104bb6c0a0"
  integrity sha512-Xzlp09h9dLKk7PdMFy9imyrMstPnkgeKvFImKCbia5at+WwGfoc2KvmnTYbUrBmTkSdtHW2VKA/yE5fRn0QNIw==

survey-creator-react@^1.11.8:
  version "1.11.8"
  resolved "https://registry.yarnpkg.com/survey-creator-react/-/survey-creator-react-1.11.8.tgz#2b5591565f11738816aad16659d469fe5c7bcbbd"
  integrity sha512-ZBf7nXME/+9VQZbXS23ptOjlGvv6nBc36W7g8r7E3IN9zD/E87LZvaPvjhq6l4cSQc92mwXLarLrwbcYOA5gCw==

survey-react-ui@^1.11.8:
  version "1.11.8"
  resolved "https://registry.yarnpkg.com/survey-react-ui/-/survey-react-ui-1.11.8.tgz#8b8fa4d6f18987c60c5f25a8133c857a6e875569"
  integrity sha512-TWiD5BQMXKfOBsNUYoCc+2BPHY8oNvphhDI/xaPm7oUuoPcNqF/aFb4DaOWEXu4vaM0ifQpUSWzhT50Yq6aVuA==

tabulator-tables@4.8.4:
  version "4.8.4"
  resolved "https://registry.yarnpkg.com/tabulator-tables/-/tabulator-tables-4.8.4.tgz#aa3f50001aae3aec86619db8b49ec35a4e5cfb5a"
  integrity sha512-sSs3GoWPF3/l/8m+WGUbmsLASkLVB3bB7RnW/4/g/zwOQoxM9pWdaeZE+Nk7UJjjb6K9fW3dfIQnozIfNpFATw==

tslib@^2.4.0:
  version "2.6.3"
  resolved "https://registry.yarnpkg.com/tslib/-/tslib-2.6.3.tgz#0438f810ad7a9edcde7a241c3d80db693c8cbfe0"
  integrity sha512-xNvxJEOUiWPGhUuUdQgAJPKOOJfGnIyKySOc09XkKsgdUV/3E2zvwZYdejjmRgPCgcym1juLH3226yA7sEFJKQ==

wordcloud@^1.2.2:
  version "1.2.2"
  resolved "https://registry.yarnpkg.com/wordcloud/-/wordcloud-1.2.2.tgz#2d32a99d8ac6a54d8b56915be1d41928f205854d"
  integrity sha512-fUnDsGrHXou+49j1OeKaC7nOeZPx+sWjIet0L/j6eAcm0nXy+a+AuUs/iDAX4PLBg1Zc6wgXWXhoXdQsXRWAEw==
